
Microsoft Visual Studio Solution File, Format Version 12.00
# Visual Studio Version 16
VisualStudioVersion = 16.0.30804.86
MinimumVisualStudioVersion = 10.0.40219.1
Project("{FAE04EC0-301F-11D3-BF4B-00C04F79EFBC}") = "Dicrionary", "Dicrionary\Dicrionary.csproj", "{4E6F33A1-DB4F-4A8C-9869-3C9FE8E14FEA}"
EndProject
Global
	GlobalSection(SolutionConfigurationPlatforms) = preSolution
		Debug|Any CPU = Debug|Any CPU
		Release|Any CPU = Release|Any CPU
	EndGlobalSection
	GlobalSection(ProjectConfigurationPlatforms) = postSolution
		{4E6F33A1-DB4F-4A8C-9869-3C9FE8E14FEA}.Debug|Any CPU.ActiveCfg = Debug|Any CPU
		{4E6F33A1-DB4F-4A8C-9869-3C9FE8E14FEA}.Debug|Any CPU.Build.0 = Debug|Any CPU
		{4E6F33A1-DB4F-4A8C-9869-3C9FE8E14FEA}.Release|Any CPU.ActiveCfg = Release|Any CPU
		{4E6F33A1-DB4F-4A8C-9869-3C9FE8E14FEA}.Release|Any CPU.Build.0 = Release|Any CPU
	EndGlobalSection
	GlobalSection(SolutionProperties) = preSolution
		HideSolutionNode = FALSE
	EndGlobalSection
	GlobalSection(ExtensibilityGlobals) = postSolution
		SolutionGuid = {7347DD40-DE47-4775-B438-189893AB4BCD}
	EndGlobalSection
EndGlobal
